
Microsoft Visual Studio Solution File, Format Version 12.00
# Visual Studio Version 17
VisualStudioVersion = 17.5.33627.172
MinimumVisualStudioVersion = 10.0.40219.1
Project("{9A19103F-16F7-4668-BE54-9A1E7A4F7556}") = "PinGod-AddOns-NetPinProcGame", "PinGod-AddOns-NetPinProcGame.csproj", "{D150AA4D-1176-4378-A2CE-1285ADC35DAC}"
EndProject
Project("{2150E333-8FDC-42A3-9474-1A3956D46DE8}") = "Solution Items", "Solution Items", "{9032FA17-256B-4DD4-AA29-992FA26472D2}"
	ProjectSection(SolutionItems) = preProject
		.github\workflows\godot-4.3.0.build-dev.yml = .github\workflows\godot-4.3.0.build-dev.yml
		.github\workflows\godot-4.3.0.build-main.yml = .github\workflows\godot-4.3.0.build-main.yml
	EndProjectSection
EndProject
Global
	GlobalSection(SolutionConfigurationPlatforms) = preSolution
		Debug|Any CPU = Debug|Any CPU
		ExportDebug|Any CPU = ExportDebug|Any CPU
		ExportRelease|Any CPU = ExportRelease|Any CPU
	EndGlobalSection
	GlobalSection(ProjectConfigurationPlatforms) = postSolution
		{D150AA4D-1176-4378-A2CE-1285ADC35DAC}.Debug|Any CPU.ActiveCfg = Debug|Any CPU
		{D150AA4D-1176-4378-A2CE-1285ADC35DAC}.Debug|Any CPU.Build.0 = Debug|Any CPU
		{D150AA4D-1176-4378-A2CE-1285ADC35DAC}.ExportDebug|Any CPU.ActiveCfg = ExportDebug|Any CPU
		{D150AA4D-1176-4378-A2CE-1285ADC35DAC}.ExportDebug|Any CPU.Build.0 = ExportDebug|Any CPU
		{D150AA4D-1176-4378-A2CE-1285ADC35DAC}.ExportRelease|Any CPU.ActiveCfg = ExportRelease|Any CPU
		{D150AA4D-1176-4378-A2CE-1285ADC35DAC}.ExportRelease|Any CPU.Build.0 = ExportRelease|Any CPU
	EndGlobalSection
	GlobalSection(SolutionProperties) = preSolution
		HideSolutionNode = FALSE
	EndGlobalSection
	GlobalSection(ExtensibilityGlobals) = postSolution
		SolutionGuid = {73440152-81C6-4B1F-8C45-80CFDE49BD74}
	EndGlobalSection
EndGlobal
